{
  "name": "solarsystem",
  "version": "1.0.0",
  "lockfileVersion": 3,
  "requires": true,
  "packages": {
    "": {
      "name": "solarsystem",
      "version": "1.0.0",
      "license": "ISC",
      "dependencies": {
        "dat.gui": "^0.7.9",
        "fflate": "^0.6.10",
        "meshoptimizer": "^0.18.1",
        "three": "^0.157.0"
      },
      "devDependencies": {
        "@types/three": "^0.157.2"
      }
    },
    "node_modules/@types/stats.js": {
      "version": "0.17.1",
      "dev": true,
      "license": "MIT"
    },
    "node_modules/@types/three": {
      "version": "0.157.2",
      "resolved": "https://registry.npmjs.org/@types/three/-/three-0.157.2.tgz",
      "integrity": "sha512-2kykrMgvO5LTAiahadM6ijoER+GcbEJ61pQVOyGxIJTCASoUnzwJvfhilsLxvEw4+glzhLYUDvvTvNjx+58Vzw==",
      "dev": true,
      "dependencies": {
        "@types/stats.js": "*",
        "@types/webxr": "*",
        "fflate": "~0.6.10",
        "meshoptimizer": "~0.18.1"
      }
    },
    "node_modules/@types/webxr": {
      "version": "0.5.5",
      "dev": true,
      "license": "MIT"
    },
    "node_modules/dat.gui": {
      "version": "0.7.9",
      "license": "Apache-2.0"
    },
    "node_modules/fflate": {
      "version": "0.6.10",
      "license": "MIT"
    },
    "node_modules/meshoptimizer": {
      "version": "0.18.1",
      "license": "MIT"
    },
    "node_modules/three": {
      "version": "0.157.0",
      "license": "MIT"
    }
  }
}
